
Microsoft Visual Studio Solution File, Format Version 12.00
# Visual Studio Version 16
VisualStudioVersion = 16.0.30717.126
MinimumVisualStudioVersion = 10.0.40219.1
Project("{FAE04EC0-301F-11D3-BF4B-00C04F79EFBC}") = "assignment3", "assignment3\assignment3.csproj", "{73986E0A-75C7-4C4E-87CC-D3E532F9CDED}"
EndProject
Global
	GlobalSection(SolutionConfigurationPlatforms) = preSolution
		Debug|Any CPU = Debug|Any CPU
		Release|Any CPU = Release|Any CPU
	EndGlobalSection
	GlobalSection(ProjectConfigurationPlatforms) = postSolution
		{73986E0A-75C7-4C4E-87CC-D3E532F9CDED}.Debug|Any CPU.ActiveCfg = Debug|Any CPU
		{73986E0A-75C7-4C4E-87CC-D3E532F9CDED}.Debug|Any CPU.Build.0 = Debug|Any CPU
		{73986E0A-75C7-4C4E-87CC-D3E532F9CDED}.Release|Any CPU.ActiveCfg = Release|Any CPU
		{73986E0A-75C7-4C4E-87CC-D3E532F9CDED}.Release|Any CPU.Build.0 = Release|Any CPU
	EndGlobalSection
	GlobalSection(SolutionProperties) = preSolution
		HideSolutionNode = FALSE
	EndGlobalSection
	GlobalSection(ExtensibilityGlobals) = postSolution
		SolutionGuid = {34D4F1AE-C287-49A8-97EB-8724302BC698}
	EndGlobalSection
EndGlobal
